
Microsoft Visual Studio Solution File, Format Version 12.00
# Visual Studio 14
VisualStudioVersion = 14.0.24720.0
MinimumVisualStudioVersion = 10.0.40219.1
Project("{FAE04EC0-301F-11D3-BF4B-00C04F79EFBC}") = "WojciechLiebertLab5", "WojciechLiebertLab5\WojciechLiebertLab5.csproj", "{DEA23732-2952-4DAD-9C0A-D7A138363798}"
EndProject
Global
	GlobalSection(SolutionConfigurationPlatforms) = preSolution
		Debug|Any CPU = Debug|Any CPU
		Release|Any CPU = Release|Any CPU
	EndGlobalSection
	GlobalSection(ProjectConfigurationPlatforms) = postSolution
		{DEA23732-2952-4DAD-9C0A-D7A138363798}.Debug|Any CPU.ActiveCfg = Debug|Any CPU
		{DEA23732-2952-4DAD-9C0A-D7A138363798}.Debug|Any CPU.Build.0 = Debug|Any CPU
		{DEA23732-2952-4DAD-9C0A-D7A138363798}.Release|Any CPU.ActiveCfg = Release|Any CPU
		{DEA23732-2952-4DAD-9C0A-D7A138363798}.Release|Any CPU.Build.0 = Release|Any CPU
	EndGlobalSection
	GlobalSection(SolutionProperties) = preSolution
		HideSolutionNode = FALSE
	EndGlobalSection
EndGlobal
