
Microsoft Visual Studio Solution File, Format Version 12.00
# Visual Studio 14
VisualStudioVersion = 14.0.24720.0
MinimumVisualStudioVersion = 10.0.40219.1
Project("{FAE04EC0-301F-11D3-BF4B-00C04F79EFBC}") = "SuperZarcie", "SuperZarcie\SuperZarcie.csproj", "{F5E4F411-1ABD-41C0-B5C2-8A21DA69FAC3}"
EndProject
Global
	GlobalSection(SolutionConfigurationPlatforms) = preSolution
		Debug|Any CPU = Debug|Any CPU
		Release|Any CPU = Release|Any CPU
	EndGlobalSection
	GlobalSection(ProjectConfigurationPlatforms) = postSolution
		{F5E4F411-1ABD-41C0-B5C2-8A21DA69FAC3}.Debug|Any CPU.ActiveCfg = Debug|Any CPU
		{F5E4F411-1ABD-41C0-B5C2-8A21DA69FAC3}.Debug|Any CPU.Build.0 = Debug|Any CPU
		{F5E4F411-1ABD-41C0-B5C2-8A21DA69FAC3}.Release|Any CPU.ActiveCfg = Release|Any CPU
		{F5E4F411-1ABD-41C0-B5C2-8A21DA69FAC3}.Release|Any CPU.Build.0 = Release|Any CPU
	EndGlobalSection
	GlobalSection(SolutionProperties) = preSolution
		HideSolutionNode = FALSE
	EndGlobalSection
EndGlobal
