
Microsoft Visual Studio Solution File, Format Version 11.00
# Visual Studio 2010
Project("{FAE04EC0-301F-11D3-BF4B-00C04F79EFBC}") = "WojciechLiebertLab2", "WojciechLiebertLab2\WojciechLiebertLab2.csproj", "{597A7C06-9C06-41BC-8467-9823B0EF954A}"
EndProject
Global
	GlobalSection(SolutionConfigurationPlatforms) = preSolution
		Debug|x86 = Debug|x86
		Release|x86 = Release|x86
	EndGlobalSection
	GlobalSection(ProjectConfigurationPlatforms) = postSolution
		{597A7C06-9C06-41BC-8467-9823B0EF954A}.Debug|x86.ActiveCfg = Debug|x86
		{597A7C06-9C06-41BC-8467-9823B0EF954A}.Debug|x86.Build.0 = Debug|x86
		{597A7C06-9C06-41BC-8467-9823B0EF954A}.Release|x86.ActiveCfg = Release|x86
		{597A7C06-9C06-41BC-8467-9823B0EF954A}.Release|x86.Build.0 = Release|x86
	EndGlobalSection
	GlobalSection(SolutionProperties) = preSolution
		HideSolutionNode = FALSE
	EndGlobalSection
EndGlobal
